
Microsoft Visual Studio Solution File, Format Version 12.00
# Visual Studio Version 17
VisualStudioVersion = 17.14.36623.8 d17.14
MinimumVisualStudioVersion = 10.0.40219.1
Project("{FAE04EC0-301F-11D3-BF4B-00C04F79EFBC}") = "HelloWorldASP", "HelloWorldASP\HelloWorldASP.csproj", "{5EA6F1C4-2F62-4DF1-8696-26096F7BF361}"
EndProject
Global
	GlobalSection(SolutionConfigurationPlatforms) = preSolution
		Debug|Any CPU = Debug|Any CPU
		Release|Any CPU = Release|Any CPU
	EndGlobalSection
	GlobalSection(ProjectConfigurationPlatforms) = postSolution
		{5EA6F1C4-2F62-4DF1-8696-26096F7BF361}.Debug|Any CPU.ActiveCfg = Debug|Any CPU
		{5EA6F1C4-2F62-4DF1-8696-26096F7BF361}.Debug|Any CPU.Build.0 = Debug|Any CPU
		{5EA6F1C4-2F62-4DF1-8696-26096F7BF361}.Release|Any CPU.ActiveCfg = Release|Any CPU
		{5EA6F1C4-2F62-4DF1-8696-26096F7BF361}.Release|Any CPU.Build.0 = Release|Any CPU
	EndGlobalSection
	GlobalSection(SolutionProperties) = preSolution
		HideSolutionNode = FALSE
	EndGlobalSection
	GlobalSection(ExtensibilityGlobals) = postSolution
		SolutionGuid = {287605ED-9384-4328-9B89-BBFA1605078B}
	EndGlobalSection
EndGlobal
