
Microsoft Visual Studio Solution File, Format Version 12.00
# Visual Studio Version 17
VisualStudioVersion = 17.14.36623.8 d17.14
MinimumVisualStudioVersion = 10.0.40219.1
Project("{FAE04EC0-301F-11D3-BF4B-00C04F79EFBC}") = "DZ1", "DZ1\DZ1.csproj", "{AEDAFB8D-926F-40A5-8412-08A555242B08}"
EndProject
Global
	GlobalSection(SolutionConfigurationPlatforms) = preSolution
		Debug|Any CPU = Debug|Any CPU
		Release|Any CPU = Release|Any CPU
	EndGlobalSection
	GlobalSection(ProjectConfigurationPlatforms) = postSolution
		{AEDAFB8D-926F-40A5-8412-08A555242B08}.Debug|Any CPU.ActiveCfg = Debug|Any CPU
		{AEDAFB8D-926F-40A5-8412-08A555242B08}.Debug|Any CPU.Build.0 = Debug|Any CPU
		{AEDAFB8D-926F-40A5-8412-08A555242B08}.Release|Any CPU.ActiveCfg = Release|Any CPU
		{AEDAFB8D-926F-40A5-8412-08A555242B08}.Release|Any CPU.Build.0 = Release|Any CPU
	EndGlobalSection
	GlobalSection(SolutionProperties) = preSolution
		HideSolutionNode = FALSE
	EndGlobalSection
	GlobalSection(ExtensibilityGlobals) = postSolution
		SolutionGuid = {1E62AEC4-C64C-40A3-832A-A1A2155BD005}
	EndGlobalSection
EndGlobal
