
Microsoft Visual Studio Solution File, Format Version 12.00
# Visual Studio Version 17
VisualStudioVersion = 17.14.36623.8 d17.14
MinimumVisualStudioVersion = 10.0.40219.1
Project("{FAE04EC0-301F-11D3-BF4B-00C04F79EFBC}") = "DZ12", "DZ12\DZ12.csproj", "{02BBDF49-2C53-4C77-BD4C-61DC4F4BF0F3}"
EndProject
Global
	GlobalSection(SolutionConfigurationPlatforms) = preSolution
		Debug|Any CPU = Debug|Any CPU
		Release|Any CPU = Release|Any CPU
	EndGlobalSection
	GlobalSection(ProjectConfigurationPlatforms) = postSolution
		{02BBDF49-2C53-4C77-BD4C-61DC4F4BF0F3}.Debug|Any CPU.ActiveCfg = Debug|Any CPU
		{02BBDF49-2C53-4C77-BD4C-61DC4F4BF0F3}.Debug|Any CPU.Build.0 = Debug|Any CPU
		{02BBDF49-2C53-4C77-BD4C-61DC4F4BF0F3}.Release|Any CPU.ActiveCfg = Release|Any CPU
		{02BBDF49-2C53-4C77-BD4C-61DC4F4BF0F3}.Release|Any CPU.Build.0 = Release|Any CPU
	EndGlobalSection
	GlobalSection(SolutionProperties) = preSolution
		HideSolutionNode = FALSE
	EndGlobalSection
	GlobalSection(ExtensibilityGlobals) = postSolution
		SolutionGuid = {DCC61784-F2A9-4A4B-B7D7-23DFC23999C4}
	EndGlobalSection
EndGlobal
