
Microsoft Visual Studio Solution File, Format Version 12.00
# Visual Studio Version 17
VisualStudioVersion = 17.14.36623.8 d17.14
MinimumVisualStudioVersion = 10.0.40219.1
Project("{FAE04EC0-301F-11D3-BF4B-00C04F79EFBC}") = "DZ2", "DZ2\DZ2.csproj", "{CA8E2DBA-06C9-416D-A68A-04586678F919}"
EndProject
Global
	GlobalSection(SolutionConfigurationPlatforms) = preSolution
		Debug|Any CPU = Debug|Any CPU
		Release|Any CPU = Release|Any CPU
	EndGlobalSection
	GlobalSection(ProjectConfigurationPlatforms) = postSolution
		{CA8E2DBA-06C9-416D-A68A-04586678F919}.Debug|Any CPU.ActiveCfg = Debug|Any CPU
		{CA8E2DBA-06C9-416D-A68A-04586678F919}.Debug|Any CPU.Build.0 = Debug|Any CPU
		{CA8E2DBA-06C9-416D-A68A-04586678F919}.Release|Any CPU.ActiveCfg = Release|Any CPU
		{CA8E2DBA-06C9-416D-A68A-04586678F919}.Release|Any CPU.Build.0 = Release|Any CPU
	EndGlobalSection
	GlobalSection(SolutionProperties) = preSolution
		HideSolutionNode = FALSE
	EndGlobalSection
	GlobalSection(ExtensibilityGlobals) = postSolution
		SolutionGuid = {8034D3C2-9A45-4D9B-951D-4D63CBFB8CD7}
	EndGlobalSection
EndGlobal
